# This file is autogenerated, do not edit; changes may be undone by the next 'dep ensure'.


[[projects]]
  name = "github.com/apache/thrift"
  packages = ["lib/go/thrift"]
  revision = "53dd39833a08ce33582e5ff31fa18bb4735d6731"
  version = "0.9.3"

[[projects]]
  branch = "master"
  name = "github.com/beorn7/perks"
  packages = ["quantile"]
  revision = "3a771d992973f24aa725d07868b467d1ddfceafb"

[[projects]]
  name = "github.com/elazarl/go-bindata-assetfs"
  packages = ["."]
  revision = "30f82fa23fd844bd5bb1e5f216db87fd77b5eb43"
  version = "v1.0.0"

[[projects]]
  name = "github.com/go-redis/redis"
  packages = [
    ".",
    "internal",
    "internal/consistenthash",
    "internal/hashtag",
    "internal/pool",
    "internal/proto",
    "internal/singleflight",
    "internal/util"
  ]
  revision = "83fb42932f6145ce52df09860384a4653d2d332a"
  version = "v6.12.0"

[[projects]]
  name = "github.com/golang/protobuf"
  packages = ["proto"]
  revision = "b4deda0973fb4c70b50d226b1af49f3da59f5265"
  version = "v1.1.0"

[[projects]]
  name = "github.com/inconshreveable/mousetrap"
  packages = ["."]
  revision = "76626ae9c91c4f2a10f34cad8ce83ea42c93bb75"
  version = "v1.0"

[[projects]]
  branch = "master"
  name = "github.com/lib/pq"
  packages = [
    ".",
    "oid"
  ]
  revision = "90697d60dd844d5ef6ff15135d0203f65d2f53b8"

[[projects]]
  name = "github.com/matttproud/golang_protobuf_extensions"
  packages = ["pbutil"]
  revision = "c12348ce28de40eed0136aa2b644d0ee0650e56c"
  version = "v1.0.1"

[[projects]]
  name = "github.com/opentracing/opentracing-go"
  packages = [
    ".",
    "ext",
    "log"
  ]
  revision = "1949ddbfd147afd4d964a9f00b24eb291e0e7c38"
  version = "v1.0.2"

[[projects]]
  name = "github.com/prometheus/client_golang"
  packages = [
    "prometheus",
    "prometheus/promhttp"
  ]
  revision = "c5b7fccd204277076155f10851dad72b76a49317"
  version = "v0.8.0"

[[projects]]
  branch = "master"
  name = "github.com/prometheus/client_model"
  packages = ["go"]
  revision = "99fa1f4be8e564e8a6b613da7fa6f46c9edafc6c"

[[projects]]
  branch = "master"
  name = "github.com/prometheus/common"
  packages = [
    "expfmt",
    "internal/bitbucket.org/ww/goautoneg",
    "model"
  ]
  revision = "7600349dcfe1abd18d72d3a1770870d9800a7801"

[[projects]]
  branch = "master"
  name = "github.com/prometheus/procfs"
  packages = [
    ".",
    "internal/util",
    "nfs",
    "xfs"
  ]
  revision = "7d6f385de8bea29190f15ba9931442a0eaef9af7"

[[projects]]
  name = "github.com/sirupsen/logrus"
  packages = ["."]
  revision = "c155da19408a8799da419ed3eeb0cb5db0ad5dbc"
  version = "v1.0.5"

[[projects]]
  name = "github.com/spf13/cobra"
  packages = ["."]
  revision = "ef82de70bb3f60c65fb8eebacbb2d122ef517385"
  version = "v0.0.3"

[[projects]]
  name = "github.com/spf13/pflag"
  packages = ["."]
  revision = "583c0c0531f06d5278b7d917446061adc344b5cd"
  version = "v1.0.1"

[[projects]]
  name = "github.com/uber-go/atomic"
  packages = ["."]
  revision = "1ea20fb1cbb1cc08cbd0d913a96dead89aa18289"
  version = "v1.3.2"

[[projects]]
  name = "github.com/uber/tchannel-go"
  packages = [
    ".",
    "internal/argreader",
    "relay",
    "thrift",
    "thrift/gen-go/meta",
    "tnet",
    "tos",
    "trand",
    "typed"
  ]
  revision = "cc0c40929b0dbdb755b727a8c253de2b5d4af46b"
  version = "v1.10.0"

[[projects]]
  branch = "master"
  name = "gitlab.com/will.wang1/hotrod-base"
  packages = [
    "config",
    "pkg/delay",
    "pkg/httperr",
    "pkg/pool",
    "pkg/tracing"
  ]
  revision = "45976170c3c1ca9e8220c867c7a576ed28e26ced"

[[projects]]
  branch = "master"
  name = "gitlab.com/will.wang1/hotrod-customer"
  packages = ["customer"]
  revision = "1074f72d6e9f6d4e5bdaa49f16452a75c9fb2d49"

[[projects]]
  branch = "master"
  name = "gitlab.com/will.wang1/hotrod-driver"
  packages = [
    "driver",
    "driver/thrift-gen/driver"
  ]
  revision = "6ebae6bbe434cf1b1e25bdd2fc6f1787a9e0f2ab"

[[projects]]
  branch = "master"
  name = "gitlab.com/will.wang1/hotrod-route"
  packages = ["route"]
  revision = "f2e166fc40fd88d3564046497f072b8b25d4067a"

[[projects]]
  branch = "master"
  name = "golang.org/x/crypto"
  packages = ["ssh/terminal"]
  revision = "a49355c7e3f8fe157a85be2f77e6e269a0f89602"

[[projects]]
  branch = "master"
  name = "golang.org/x/net"
  packages = [
    "bpf",
    "context",
    "internal/iana",
    "internal/socket",
    "ipv4",
    "ipv6"
  ]
  revision = "afe8f62b1d6bbd81f31868121a50b06d8188e1f9"

[[projects]]
  branch = "master"
  name = "golang.org/x/sys"
  packages = [
    "unix",
    "windows"
  ]
  revision = "ad87a3a340fa7f3bed189293fbfa7a9b7e021ae1"

[solve-meta]
  analyzer-name = "dep"
  analyzer-version = 1
  inputs-digest = "94ea1aa8da97a0c06e33853e8cb98c040aea8768119f4135f02123117863d683"
  solver-name = "gps-cdcl"
  solver-version = 1
